<?xml version="1.0" encoding="utf-8"?>
<Project ToolsVersion="4.0" xmlns="http://schemas.microsoft.com/developer/msbuild/2003">
  <ItemGroup>
    <ClInclude Include="MELoadScene.h">
      <Filter>Scenes</Filter>
    </ClInclude>
    <ClInclude Include="MEPlayScene.h">
      <Filter>Scenes</Filter>
    </ClInclude>
    <ClInclude Include="MEPlayer.h">
      <Filter>Contents</Filter>
    </ClInclude>
    <ClInclude Include="MEEndScene.h">
      <Filter>Scenes</Filter>
    </ClInclude>
    <ClInclude Include="MEScoreScene.h">
      <Filter>Scenes</Filter>
    </ClInclude>
    <ClInclude Include="LoadResources.h" />
    <ClInclude Include="MEPlayerScript.h">
      <Filter>Script</Filter>
    </ClInclude>
    <ClInclude Include="MEGameOverScene.h">
      <Filter>Scenes</Filter>
    </ClInclude>
    <ClInclude Include="MEMushRoom.h">
      <Filter>Contents</Filter>
    </ClInclude>
    <ClInclude Include="MEMushRoomScript.h">
      <Filter>Script\Monsters</Filter>
    </ClInclude>
    <ClInclude Include="MESkeletonScript.h">
      <Filter>Script\Monsters</Filter>
    </ClInclude>
    <ClInclude Include="MESkeleton.h">
      <Filter>Contents</Filter>
    </ClInclude>
    <ClInclude Include="MEBulletScript.h">
      <Filter>Script</Filter>
    </ClInclude>
    <ClInclude Include="MEBullet.h">
      <Filter>Contents</Filter>
    </ClInclude>
    <ClInclude Include="METoolScene.h">
      <Filter>Scenes</Filter>
    </ClInclude>
    <ClInclude Include="METile.h">
      <Filter>Contents</Filter>
    </ClInclude>
  </ItemGroup>
  <ItemGroup>
    <Filter Include="Contents">
      <UniqueIdentifier>{945fd437-f4f2-463d-bfe2-86c567d82a8f}</UniqueIdentifier>
    </Filter>
    <Filter Include="Scenes">
      <UniqueIdentifier>{0539cc36-b4d1-4691-a517-4f5fc77bd770}</UniqueIdentifier>
    </Filter>
    <Filter Include="Script">
      <UniqueIdentifier>{2487e8b0-7a9a-4989-b70f-ed09f8743489}</UniqueIdentifier>
    </Filter>
    <Filter Include="Script\Monsters">
      <UniqueIdentifier>{dddbcec6-cd02-46b8-9900-7fe2fd160b54}</UniqueIdentifier>
    </Filter>
  </ItemGroup>
  <ItemGroup>
    <ClCompile Include="MEPlayScene.cpp">
      <Filter>Scenes</Filter>
    </ClCompile>
    <ClCompile Include="MEPlayer.cpp">
      <Filter>Contents</Filter>
    </ClCompile>
    <ClCompile Include="MEEndScene.cpp">
      <Filter>Scenes</Filter>
    </ClCompile>
    <ClCompile Include="MEScoreScene.cpp">
      <Filter>Scenes</Filter>
    </ClCompile>
    <ClCompile Include="MEPlayerScript.cpp">
      <Filter>Script</Filter>
    </ClCompile>
    <ClCompile Include="MEGameOverScene.cpp">
      <Filter>Scenes</Filter>
    </ClCompile>
    <ClCompile Include="METitleScene.cpp">
      <Filter>Scenes</Filter>
    </ClCompile>
    <ClCompile Include="MEMushRoom.cpp">
      <Filter>Contents</Filter>
    </ClCompile>
    <ClCompile Include="MEMushRoomScript.cpp">
      <Filter>Script\Monsters</Filter>
    </ClCompile>
    <ClCompile Include="MESkeletonScript.cpp">
      <Filter>Script\Monsters</Filter>
    </ClCompile>
    <ClCompile Include="MESkeleton.cpp">
      <Filter>Contents</Filter>
    </ClCompile>
    <ClCompile Include="MEBulletScript.cpp">
      <Filter>Script</Filter>
    </ClCompile>
    <ClCompile Include="MeBullet.cpp">
      <Filter>Contents</Filter>
    </ClCompile>
    <ClCompile Include="METoolScene.cpp">
      <Filter>Scenes</Filter>
    </ClCompile>
    <ClCompile Include="METile.cpp">
      <Filter>Contents</Filter>
    </ClCompile>
  </ItemGroup>
</Project>